{
    "_meta": {
        "hash": {
            "sha256": "15e53c7556d976a1cee740529c7e2975bb2787699ce3eb3c92283f4d486659af"
        },
        "pipfile-spec": 6,
        "requires": {
            "python_version": "3.8"
        },
        "sources": [
            {
                "name": "pypi",
                "url": "https://pypi.org/simple",
                "verify_ssl": true
            }
        ]
    },
    "default": {
        "infomap": {
            "hashes": [
                "sha256:0f88c35d7674d6a2fb208f66bfe1f4139b9e3b7cb9be0540ab01ce55948e7e7b",
                "sha256:ef6f5aa7f45cee25e4e9e3e3f55a8bd12df50c7b9e263b77debf66b1208e21d2"
            ],
            "index": "pypi",
            "version": "==1.1.4"
        }
    },
    "develop": {}
}
